
Microsoft Visual Studio Solution File, Format Version 12.00
# Visual Studio Version 16
VisualStudioVersion = 16.0.29102.190
MinimumVisualStudioVersion = 10.0.40219.1
Project("{FAE04EC0-301F-11D3-BF4B-00C04F79EFBC}") = "QuickBuy.Domain", "QuickBuy.Domain\QuickBuy.Domain.csproj", "{A5509DC2-2DB0-4839-8021-16373765F56C}"
EndProject
Project("{FAE04EC0-301F-11D3-BF4B-00C04F79EFBC}") = "QuickBuy.Repository", "QuickBuy.Repository\QuickBuy.Repository.csproj", "{AA1CCB25-E50C-4B3F-BE90-6A9C81272072}"
EndProject
Project("{FAE04EC0-301F-11D3-BF4B-00C04F79EFBC}") = "QuickBuy.Web", "QuickBuy.Web\QuickBuy.Web.csproj", "{F368213D-8C84-48D6-BB66-F08867F93AB4}"
EndProject
Global
	GlobalSection(SolutionConfigurationPlatforms) = preSolution
		Debug|Any CPU = Debug|Any CPU
		Release|Any CPU = Release|Any CPU
	EndGlobalSection
	GlobalSection(ProjectConfigurationPlatforms) = postSolution
		{A5509DC2-2DB0-4839-8021-16373765F56C}.Debug|Any CPU.ActiveCfg = Debug|Any CPU
		{A5509DC2-2DB0-4839-8021-16373765F56C}.Debug|Any CPU.Build.0 = Debug|Any CPU
		{A5509DC2-2DB0-4839-8021-16373765F56C}.Release|Any CPU.ActiveCfg = Release|Any CPU
		{A5509DC2-2DB0-4839-8021-16373765F56C}.Release|Any CPU.Build.0 = Release|Any CPU
		{AA1CCB25-E50C-4B3F-BE90-6A9C81272072}.Debug|Any CPU.ActiveCfg = Debug|Any CPU
		{AA1CCB25-E50C-4B3F-BE90-6A9C81272072}.Debug|Any CPU.Build.0 = Debug|Any CPU
		{AA1CCB25-E50C-4B3F-BE90-6A9C81272072}.Release|Any CPU.ActiveCfg = Release|Any CPU
		{AA1CCB25-E50C-4B3F-BE90-6A9C81272072}.Release|Any CPU.Build.0 = Release|Any CPU
		{F368213D-8C84-48D6-BB66-F08867F93AB4}.Debug|Any CPU.ActiveCfg = Debug|Any CPU
		{F368213D-8C84-48D6-BB66-F08867F93AB4}.Debug|Any CPU.Build.0 = Debug|Any CPU
		{F368213D-8C84-48D6-BB66-F08867F93AB4}.Release|Any CPU.ActiveCfg = Release|Any CPU
		{F368213D-8C84-48D6-BB66-F08867F93AB4}.Release|Any CPU.Build.0 = Release|Any CPU
	EndGlobalSection
	GlobalSection(SolutionProperties) = preSolution
		HideSolutionNode = FALSE
	EndGlobalSection
	GlobalSection(ExtensibilityGlobals) = postSolution
		SolutionGuid = {603BE64E-F141-492C-82A9-DD8AD07AF02D}
	EndGlobalSection
EndGlobal
